
Microsoft Visual Studio Solution File, Format Version 12.00
# Visual Studio 14
VisualStudioVersion = 14.0.25420.1
MinimumVisualStudioVersion = 10.0.40219.1
Project("{FAE04EC0-301F-11D3-BF4B-00C04F79EFBC}") = "coldcuts", "coldcuts\coldcuts.csproj", "{074BA609-1179-41C8-8D8B-7B52A855BF77}"
EndProject
Project("{FAE04EC0-301F-11D3-BF4B-00C04F79EFBC}") = "coldcutsTests", "coldcutsTests\coldcutsTests.csproj", "{403A4811-E68A-45D0-AD87-4AB778A0F403}"
EndProject
Global
	GlobalSection(SolutionConfigurationPlatforms) = preSolution
		Debug|Any CPU = Debug|Any CPU
		Release|Any CPU = Release|Any CPU
	EndGlobalSection
	GlobalSection(ProjectConfigurationPlatforms) = postSolution
		{074BA609-1179-41C8-8D8B-7B52A855BF77}.Debug|Any CPU.ActiveCfg = Debug|Any CPU
		{074BA609-1179-41C8-8D8B-7B52A855BF77}.Debug|Any CPU.Build.0 = Debug|Any CPU
		{074BA609-1179-41C8-8D8B-7B52A855BF77}.Release|Any CPU.ActiveCfg = Release|Any CPU
		{074BA609-1179-41C8-8D8B-7B52A855BF77}.Release|Any CPU.Build.0 = Release|Any CPU
		{403A4811-E68A-45D0-AD87-4AB778A0F403}.Debug|Any CPU.ActiveCfg = Debug|Any CPU
		{403A4811-E68A-45D0-AD87-4AB778A0F403}.Debug|Any CPU.Build.0 = Debug|Any CPU
		{403A4811-E68A-45D0-AD87-4AB778A0F403}.Release|Any CPU.ActiveCfg = Release|Any CPU
		{403A4811-E68A-45D0-AD87-4AB778A0F403}.Release|Any CPU.Build.0 = Release|Any CPU
	EndGlobalSection
	GlobalSection(SolutionProperties) = preSolution
		HideSolutionNode = FALSE
	EndGlobalSection
EndGlobal
